
Microsoft Visual Studio Solution File, Format Version 12.00
# Visual Studio 15
VisualStudioVersion = 15.0.27004.2008
MinimumVisualStudioVersion = 10.0.40219.1
Project("{FAE04EC0-301F-11D3-BF4B-00C04F79EFBC}") = "Project.WebAPI", "Project.MVC\Project.WebAPI.csproj", "{8929B0EF-9B95-451B-B13A-C9E0DF171E2D}"
EndProject
Project("{FAE04EC0-301F-11D3-BF4B-00C04F79EFBC}") = "Project.Common", "ClassLibrary1\Project.Common.csproj", "{9ECB7FD0-F10F-4E04-822A-39CFA815A463}"
EndProject
Project("{FAE04EC0-301F-11D3-BF4B-00C04F79EFBC}") = "Project.Models", "Project.Models\Project.Models.csproj", "{87B50F56-DC15-4C97-8231-CBBA4D69E4A9}"
EndProject
Project("{FAE04EC0-301F-11D3-BF4B-00C04F79EFBC}") = "Project.Models.Common", "Project.Models.Common\Project.Models.Common.csproj", "{FD43FF19-3FD6-4509-89F4-DEA6A694275D}"
EndProject
Project("{FAE04EC0-301F-11D3-BF4B-00C04F79EFBC}") = "Project.Repository", "Project.Repository\Project.Repository.csproj", "{FA302276-06E4-4303-AD64-68C8976DAF76}"
EndProject
Project("{FAE04EC0-301F-11D3-BF4B-00C04F79EFBC}") = "Project.Repository.Common", "Project.Repository.Common\Project.Repository.Common.csproj", "{A860B203-14C5-4DD3-AFFC-8292BF61F37E}"
EndProject
Project("{FAE04EC0-301F-11D3-BF4B-00C04F79EFBC}") = "Project.Repository.Tests", "Project.Repository.Tests\Project.Repository.Tests.csproj", "{7DB99D70-3569-4BBD-88F5-70659FA4B498}"
EndProject
Project("{FAE04EC0-301F-11D3-BF4B-00C04F79EFBC}") = "Project.Service", "Project.Service\Project.Service.csproj", "{BEF11E08-3A92-4EB1-88BD-1C2E7B1A7C78}"
EndProject
Project("{FAE04EC0-301F-11D3-BF4B-00C04F79EFBC}") = "Project.Service.Common", "Project.Service.Common\Project.Service.Common.csproj", "{D8318343-FCC0-43F7-819F-40461D2224D9}"
EndProject
Project("{FAE04EC0-301F-11D3-BF4B-00C04F79EFBC}") = "Project.Service.Tests", "Project.Service.Tests\Project.Service.Tests.csproj", "{081DEEBE-549C-49FC-95AF-9A755AD004EE}"
EndProject
Global
	GlobalSection(SolutionConfigurationPlatforms) = preSolution
		Debug|Any CPU = Debug|Any CPU
		Release|Any CPU = Release|Any CPU
	EndGlobalSection
	GlobalSection(ProjectConfigurationPlatforms) = postSolution
		{8929B0EF-9B95-451B-B13A-C9E0DF171E2D}.Debug|Any CPU.ActiveCfg = Debug|Any CPU
		{8929B0EF-9B95-451B-B13A-C9E0DF171E2D}.Debug|Any CPU.Build.0 = Debug|Any CPU
		{8929B0EF-9B95-451B-B13A-C9E0DF171E2D}.Release|Any CPU.ActiveCfg = Release|Any CPU
		{8929B0EF-9B95-451B-B13A-C9E0DF171E2D}.Release|Any CPU.Build.0 = Release|Any CPU
		{9ECB7FD0-F10F-4E04-822A-39CFA815A463}.Debug|Any CPU.ActiveCfg = Debug|Any CPU
		{9ECB7FD0-F10F-4E04-822A-39CFA815A463}.Debug|Any CPU.Build.0 = Debug|Any CPU
		{9ECB7FD0-F10F-4E04-822A-39CFA815A463}.Release|Any CPU.ActiveCfg = Release|Any CPU
		{9ECB7FD0-F10F-4E04-822A-39CFA815A463}.Release|Any CPU.Build.0 = Release|Any CPU
		{87B50F56-DC15-4C97-8231-CBBA4D69E4A9}.Debug|Any CPU.ActiveCfg = Debug|Any CPU
		{87B50F56-DC15-4C97-8231-CBBA4D69E4A9}.Debug|Any CPU.Build.0 = Debug|Any CPU
		{87B50F56-DC15-4C97-8231-CBBA4D69E4A9}.Release|Any CPU.ActiveCfg = Release|Any CPU
		{87B50F56-DC15-4C97-8231-CBBA4D69E4A9}.Release|Any CPU.Build.0 = Release|Any CPU
		{FD43FF19-3FD6-4509-89F4-DEA6A694275D}.Debug|Any CPU.ActiveCfg = Debug|Any CPU
		{FD43FF19-3FD6-4509-89F4-DEA6A694275D}.Debug|Any CPU.Build.0 = Debug|Any CPU
		{FD43FF19-3FD6-4509-89F4-DEA6A694275D}.Release|Any CPU.ActiveCfg = Release|Any CPU
		{FD43FF19-3FD6-4509-89F4-DEA6A694275D}.Release|Any CPU.Build.0 = Release|Any CPU
		{FA302276-06E4-4303-AD64-68C8976DAF76}.Debug|Any CPU.ActiveCfg = Debug|Any CPU
		{FA302276-06E4-4303-AD64-68C8976DAF76}.Debug|Any CPU.Build.0 = Debug|Any CPU
		{FA302276-06E4-4303-AD64-68C8976DAF76}.Release|Any CPU.ActiveCfg = Release|Any CPU
		{FA302276-06E4-4303-AD64-68C8976DAF76}.Release|Any CPU.Build.0 = Release|Any CPU
		{A860B203-14C5-4DD3-AFFC-8292BF61F37E}.Debug|Any CPU.ActiveCfg = Debug|Any CPU
		{A860B203-14C5-4DD3-AFFC-8292BF61F37E}.Debug|Any CPU.Build.0 = Debug|Any CPU
		{A860B203-14C5-4DD3-AFFC-8292BF61F37E}.Release|Any CPU.ActiveCfg = Release|Any CPU
		{A860B203-14C5-4DD3-AFFC-8292BF61F37E}.Release|Any CPU.Build.0 = Release|Any CPU
		{7DB99D70-3569-4BBD-88F5-70659FA4B498}.Debug|Any CPU.ActiveCfg = Debug|Any CPU
		{7DB99D70-3569-4BBD-88F5-70659FA4B498}.Debug|Any CPU.Build.0 = Debug|Any CPU
		{7DB99D70-3569-4BBD-88F5-70659FA4B498}.Release|Any CPU.ActiveCfg = Release|Any CPU
		{7DB99D70-3569-4BBD-88F5-70659FA4B498}.Release|Any CPU.Build.0 = Release|Any CPU
		{BEF11E08-3A92-4EB1-88BD-1C2E7B1A7C78}.Debug|Any CPU.ActiveCfg = Debug|Any CPU
		{BEF11E08-3A92-4EB1-88BD-1C2E7B1A7C78}.Debug|Any CPU.Build.0 = Debug|Any CPU
		{BEF11E08-3A92-4EB1-88BD-1C2E7B1A7C78}.Release|Any CPU.ActiveCfg = Release|Any CPU
		{BEF11E08-3A92-4EB1-88BD-1C2E7B1A7C78}.Release|Any CPU.Build.0 = Release|Any CPU
		{D8318343-FCC0-43F7-819F-40461D2224D9}.Debug|Any CPU.ActiveCfg = Debug|Any CPU
		{D8318343-FCC0-43F7-819F-40461D2224D9}.Debug|Any CPU.Build.0 = Debug|Any CPU
		{D8318343-FCC0-43F7-819F-40461D2224D9}.Release|Any CPU.ActiveCfg = Release|Any CPU
		{D8318343-FCC0-43F7-819F-40461D2224D9}.Release|Any CPU.Build.0 = Release|Any CPU
		{081DEEBE-549C-49FC-95AF-9A755AD004EE}.Debug|Any CPU.ActiveCfg = Debug|Any CPU
		{081DEEBE-549C-49FC-95AF-9A755AD004EE}.Debug|Any CPU.Build.0 = Debug|Any CPU
		{081DEEBE-549C-49FC-95AF-9A755AD004EE}.Release|Any CPU.ActiveCfg = Release|Any CPU
		{081DEEBE-549C-49FC-95AF-9A755AD004EE}.Release|Any CPU.Build.0 = Release|Any CPU
	EndGlobalSection
	GlobalSection(SolutionProperties) = preSolution
		HideSolutionNode = FALSE
	EndGlobalSection
	GlobalSection(ExtensibilityGlobals) = postSolution
		SolutionGuid = {045EE14C-0BC1-4552-8C97-410FC0187665}
	EndGlobalSection
EndGlobal
