
Microsoft Visual Studio Solution File, Format Version 12.00
# Visual Studio 14
VisualStudioVersion = 14.0.25420.1
MinimumVisualStudioVersion = 10.0.40219.1
Project("{FAE04EC0-301F-11D3-BF4B-00C04F79EFBC}") = "Project.Models", "Project.Models\Project.Models.csproj", "{87B50F56-DC15-4C97-8231-CBBA4D69E4A9}"
EndProject
Project("{FAE04EC0-301F-11D3-BF4B-00C04F79EFBC}") = "Project.Models.Common", "Project.Models.Common\Project.Models.Common.csproj", "{FD43FF19-3FD6-4509-89F4-DEA6A694275D}"
EndProject
Project("{FAE04EC0-301F-11D3-BF4B-00C04F79EFBC}") = "Project.Repository", "Project.Repository\Project.Repository.csproj", "{FA302276-06E4-4303-AD64-68C8976DAF76}"
EndProject
Project("{FAE04EC0-301F-11D3-BF4B-00C04F79EFBC}") = "Project.Repository.Common", "Project.Repository.Common\Project.Repository.Common.csproj", "{A860B203-14C5-4DD3-AFFC-8292BF61F37E}"
	ProjectSection(ProjectDependencies) = postProject
		{15350CA7-9543-4C9E-AAE1-CACEBF82D461} = {15350CA7-9543-4C9E-AAE1-CACEBF82D461}
	EndProjectSection
EndProject
Project("{FAE04EC0-301F-11D3-BF4B-00C04F79EFBC}") = "Project.Repository.Tests", "Project.Repository.Tests\Project.Repository.Tests.csproj", "{7DB99D70-3569-4BBD-88F5-70659FA4B498}"
	ProjectSection(ProjectDependencies) = postProject
		{B3DADBAD-6E5B-443B-8DFF-460F88536D76} = {B3DADBAD-6E5B-443B-8DFF-460F88536D76}
	EndProjectSection
EndProject
Project("{FAE04EC0-301F-11D3-BF4B-00C04F79EFBC}") = "Project.Service", "Project.Service\Project.Service.csproj", "{BEF11E08-3A92-4EB1-88BD-1C2E7B1A7C78}"
EndProject
Project("{FAE04EC0-301F-11D3-BF4B-00C04F79EFBC}") = "Project.Service.Common", "Project.Service.Common\Project.Service.Common.csproj", "{D8318343-FCC0-43F7-819F-40461D2224D9}"
EndProject
Project("{FAE04EC0-301F-11D3-BF4B-00C04F79EFBC}") = "Project.Service.Tests", "Project.Service.Tests\Project.Service.Tests.csproj", "{081DEEBE-549C-49FC-95AF-9A755AD004EE}"
EndProject
Project("{FAE04EC0-301F-11D3-BF4B-00C04F79EFBC}") = "Project.Common", "Project.Common\Project.Common.csproj", "{B3DADBAD-6E5B-443B-8DFF-460F88536D76}"
	ProjectSection(ProjectDependencies) = postProject
		{C7AD6B6B-DDAB-4DF9-8B81-C5B1D78E8EE0} = {C7AD6B6B-DDAB-4DF9-8B81-C5B1D78E8EE0}
	EndProjectSection
EndProject
Project("{FAE04EC0-301F-11D3-BF4B-00C04F79EFBC}") = "Project.DAL", "Project.DAL\Project.DAL.csproj", "{15350CA7-9543-4C9E-AAE1-CACEBF82D461}"
EndProject
Project("{FAE04EC0-301F-11D3-BF4B-00C04F79EFBC}") = "Project.WebAPI", "Project.WebAPI\Project.WebAPI.csproj", "{C7AD6B6B-DDAB-4DF9-8B81-C5B1D78E8EE0}"
EndProject
Project("{FAE04EC0-301F-11D3-BF4B-00C04F79EFBC}") = "Project.Test.Common", "Project.Test.Common\Project.Test.Common.csproj", "{88AAA10E-75A2-45C9-823B-F2D75EB56386}"
EndProject
Global
	GlobalSection(SolutionConfigurationPlatforms) = preSolution
		Debug|Any CPU = Debug|Any CPU
		Release|Any CPU = Release|Any CPU
	EndGlobalSection
	GlobalSection(ProjectConfigurationPlatforms) = postSolution
		{87B50F56-DC15-4C97-8231-CBBA4D69E4A9}.Debug|Any CPU.ActiveCfg = Debug|Any CPU
		{87B50F56-DC15-4C97-8231-CBBA4D69E4A9}.Debug|Any CPU.Build.0 = Debug|Any CPU
		{87B50F56-DC15-4C97-8231-CBBA4D69E4A9}.Release|Any CPU.ActiveCfg = Release|Any CPU
		{87B50F56-DC15-4C97-8231-CBBA4D69E4A9}.Release|Any CPU.Build.0 = Release|Any CPU
		{FD43FF19-3FD6-4509-89F4-DEA6A694275D}.Debug|Any CPU.ActiveCfg = Debug|Any CPU
		{FD43FF19-3FD6-4509-89F4-DEA6A694275D}.Debug|Any CPU.Build.0 = Debug|Any CPU
		{FD43FF19-3FD6-4509-89F4-DEA6A694275D}.Release|Any CPU.ActiveCfg = Release|Any CPU
		{FD43FF19-3FD6-4509-89F4-DEA6A694275D}.Release|Any CPU.Build.0 = Release|Any CPU
		{FA302276-06E4-4303-AD64-68C8976DAF76}.Debug|Any CPU.ActiveCfg = Debug|Any CPU
		{FA302276-06E4-4303-AD64-68C8976DAF76}.Debug|Any CPU.Build.0 = Debug|Any CPU
		{FA302276-06E4-4303-AD64-68C8976DAF76}.Release|Any CPU.ActiveCfg = Release|Any CPU
		{FA302276-06E4-4303-AD64-68C8976DAF76}.Release|Any CPU.Build.0 = Release|Any CPU
		{A860B203-14C5-4DD3-AFFC-8292BF61F37E}.Debug|Any CPU.ActiveCfg = Debug|Any CPU
		{A860B203-14C5-4DD3-AFFC-8292BF61F37E}.Debug|Any CPU.Build.0 = Debug|Any CPU
		{A860B203-14C5-4DD3-AFFC-8292BF61F37E}.Release|Any CPU.ActiveCfg = Release|Any CPU
		{A860B203-14C5-4DD3-AFFC-8292BF61F37E}.Release|Any CPU.Build.0 = Release|Any CPU
		{7DB99D70-3569-4BBD-88F5-70659FA4B498}.Debug|Any CPU.ActiveCfg = Debug|Any CPU
		{7DB99D70-3569-4BBD-88F5-70659FA4B498}.Debug|Any CPU.Build.0 = Debug|Any CPU
		{7DB99D70-3569-4BBD-88F5-70659FA4B498}.Release|Any CPU.ActiveCfg = Release|Any CPU
		{7DB99D70-3569-4BBD-88F5-70659FA4B498}.Release|Any CPU.Build.0 = Release|Any CPU
		{BEF11E08-3A92-4EB1-88BD-1C2E7B1A7C78}.Debug|Any CPU.ActiveCfg = Debug|Any CPU
		{BEF11E08-3A92-4EB1-88BD-1C2E7B1A7C78}.Debug|Any CPU.Build.0 = Debug|Any CPU
		{BEF11E08-3A92-4EB1-88BD-1C2E7B1A7C78}.Release|Any CPU.ActiveCfg = Release|Any CPU
		{BEF11E08-3A92-4EB1-88BD-1C2E7B1A7C78}.Release|Any CPU.Build.0 = Release|Any CPU
		{D8318343-FCC0-43F7-819F-40461D2224D9}.Debug|Any CPU.ActiveCfg = Debug|Any CPU
		{D8318343-FCC0-43F7-819F-40461D2224D9}.Debug|Any CPU.Build.0 = Debug|Any CPU
		{D8318343-FCC0-43F7-819F-40461D2224D9}.Release|Any CPU.ActiveCfg = Release|Any CPU
		{D8318343-FCC0-43F7-819F-40461D2224D9}.Release|Any CPU.Build.0 = Release|Any CPU
		{081DEEBE-549C-49FC-95AF-9A755AD004EE}.Debug|Any CPU.ActiveCfg = Debug|Any CPU
		{081DEEBE-549C-49FC-95AF-9A755AD004EE}.Debug|Any CPU.Build.0 = Debug|Any CPU
		{081DEEBE-549C-49FC-95AF-9A755AD004EE}.Release|Any CPU.ActiveCfg = Release|Any CPU
		{081DEEBE-549C-49FC-95AF-9A755AD004EE}.Release|Any CPU.Build.0 = Release|Any CPU
		{B3DADBAD-6E5B-443B-8DFF-460F88536D76}.Debug|Any CPU.ActiveCfg = Debug|Any CPU
		{B3DADBAD-6E5B-443B-8DFF-460F88536D76}.Debug|Any CPU.Build.0 = Debug|Any CPU
		{B3DADBAD-6E5B-443B-8DFF-460F88536D76}.Release|Any CPU.ActiveCfg = Release|Any CPU
		{B3DADBAD-6E5B-443B-8DFF-460F88536D76}.Release|Any CPU.Build.0 = Release|Any CPU
		{15350CA7-9543-4C9E-AAE1-CACEBF82D461}.Debug|Any CPU.ActiveCfg = Debug|Any CPU
		{15350CA7-9543-4C9E-AAE1-CACEBF82D461}.Debug|Any CPU.Build.0 = Debug|Any CPU
		{15350CA7-9543-4C9E-AAE1-CACEBF82D461}.Release|Any CPU.ActiveCfg = Release|Any CPU
		{15350CA7-9543-4C9E-AAE1-CACEBF82D461}.Release|Any CPU.Build.0 = Release|Any CPU
		{C7AD6B6B-DDAB-4DF9-8B81-C5B1D78E8EE0}.Debug|Any CPU.ActiveCfg = Debug|Any CPU
		{C7AD6B6B-DDAB-4DF9-8B81-C5B1D78E8EE0}.Debug|Any CPU.Build.0 = Debug|Any CPU
		{C7AD6B6B-DDAB-4DF9-8B81-C5B1D78E8EE0}.Release|Any CPU.ActiveCfg = Release|Any CPU
		{C7AD6B6B-DDAB-4DF9-8B81-C5B1D78E8EE0}.Release|Any CPU.Build.0 = Release|Any CPU
		{88AAA10E-75A2-45C9-823B-F2D75EB56386}.Debug|Any CPU.ActiveCfg = Debug|Any CPU
		{88AAA10E-75A2-45C9-823B-F2D75EB56386}.Debug|Any CPU.Build.0 = Debug|Any CPU
		{88AAA10E-75A2-45C9-823B-F2D75EB56386}.Release|Any CPU.ActiveCfg = Release|Any CPU
		{88AAA10E-75A2-45C9-823B-F2D75EB56386}.Release|Any CPU.Build.0 = Release|Any CPU
	EndGlobalSection
	GlobalSection(SolutionProperties) = preSolution
		HideSolutionNode = FALSE
	EndGlobalSection
	GlobalSection(ExtensibilityGlobals) = postSolution
		SolutionGuid = {045EE14C-0BC1-4552-8C97-410FC0187665}
	EndGlobalSection
EndGlobal
